
Microsoft Visual Studio Solution File, Format Version 12.00
# Visual Studio Version 17
VisualStudioVersion = 17.2.32630.192
MinimumVisualStudioVersion = 10.0.40219.1
Project("{FAE04EC0-301F-11D3-BF4B-00C04F79EFBC}") = "VlaknovaBezpecnost", "VlaknovaBezpecnost.csproj", "{CA3D1B87-657B-4720-A20D-0DD9136603ED}"
EndProject
Global
	GlobalSection(SolutionConfigurationPlatforms) = preSolution
		Debug|Any CPU = Debug|Any CPU
		Release|Any CPU = Release|Any CPU
	EndGlobalSection
	GlobalSection(ProjectConfigurationPlatforms) = postSolution
		{CA3D1B87-657B-4720-A20D-0DD9136603ED}.Debug|Any CPU.ActiveCfg = Debug|Any CPU
		{CA3D1B87-657B-4720-A20D-0DD9136603ED}.Debug|Any CPU.Build.0 = Debug|Any CPU
		{CA3D1B87-657B-4720-A20D-0DD9136603ED}.Release|Any CPU.ActiveCfg = Release|Any CPU
		{CA3D1B87-657B-4720-A20D-0DD9136603ED}.Release|Any CPU.Build.0 = Release|Any CPU
	EndGlobalSection
	GlobalSection(SolutionProperties) = preSolution
		HideSolutionNode = FALSE
	EndGlobalSection
	GlobalSection(ExtensibilityGlobals) = postSolution
		SolutionGuid = {19A963A1-F94C-4067-A7E7-77B48D78B242}
	EndGlobalSection
EndGlobal
